
Microsoft Visual Studio Solution File, Format Version 12.00
# Visual Studio Version 16
VisualStudioVersion = 16.0.30320.27
MinimumVisualStudioVersion = 10.0.40219.1
Project("{F14B399A-7131-4C87-9E4B-1186C45EF12D}") = "Sql Monitor Dashboard", "Sql Monitor Dashboard\Sql Monitor Dashboard.rptproj", "{3A70B3D8-F683-4771-86F5-2AA4E73115B9}"
EndProject
Global
	GlobalSection(SolutionConfigurationPlatforms) = preSolution
		Debug|Default = Debug|Default
		DebugLocal|Default = DebugLocal|Default
		Release|Default = Release|Default
	EndGlobalSection
	GlobalSection(ProjectConfigurationPlatforms) = postSolution
		{3A70B3D8-F683-4771-86F5-2AA4E73115B9}.Debug|Default.ActiveCfg = Debug
		{3A70B3D8-F683-4771-86F5-2AA4E73115B9}.Debug|Default.Build.0 = Debug
		{3A70B3D8-F683-4771-86F5-2AA4E73115B9}.Debug|Default.Deploy.0 = Debug
		{3A70B3D8-F683-4771-86F5-2AA4E73115B9}.DebugLocal|Default.ActiveCfg = DebugLocal
		{3A70B3D8-F683-4771-86F5-2AA4E73115B9}.DebugLocal|Default.Build.0 = DebugLocal
		{3A70B3D8-F683-4771-86F5-2AA4E73115B9}.Release|Default.ActiveCfg = Release
		{3A70B3D8-F683-4771-86F5-2AA4E73115B9}.Release|Default.Build.0 = Release
		{3A70B3D8-F683-4771-86F5-2AA4E73115B9}.Release|Default.Deploy.0 = Release
	EndGlobalSection
	GlobalSection(SolutionProperties) = preSolution
		HideSolutionNode = FALSE
	EndGlobalSection
	GlobalSection(ExtensibilityGlobals) = postSolution
		SolutionGuid = {269547FF-C109-485C-A765-F1022AFEA271}
	EndGlobalSection
EndGlobal
