
Microsoft Visual Studio Solution File, Format Version 12.00
# Visual Studio 2012
Project("{159641D6-6404-4A2A-AE62-294DE0FE8301}") = "ServerAnalysisDWetl", "ServerAnalysisDWetl\ServerAnalysisDWetl.dtproj", "{F3ABC77A-88A0-4B84-94BC-379931C67AD2}"
EndProject
Global
	GlobalSection(SolutionConfigurationPlatforms) = preSolution
		Development|Default = Development|Default
	EndGlobalSection
	GlobalSection(ProjectConfigurationPlatforms) = postSolution
		{F3ABC77A-88A0-4B84-94BC-379931C67AD2}.Development|Default.ActiveCfg = Development
		{F3ABC77A-88A0-4B84-94BC-379931C67AD2}.Development|Default.Build.0 = Development
	EndGlobalSection
	GlobalSection(SolutionProperties) = preSolution
		HideSolutionNode = FALSE
	EndGlobalSection
EndGlobal
